
Microsoft Visual Studio Solution File, Format Version 12.00
# Visual Studio Version 17
VisualStudioVersion = 17.14.36327.8 d17.14
MinimumVisualStudioVersion = 10.0.40219.1
Project("{FAE04EC0-301F-11D3-BF4B-00C04F79EFBC}") = "MusicApi", "MusicApi\MusicApi.csproj", "{3FACDBD0-C027-4214-8CDC-A1D308A3B94E}"
EndProject
Global
	GlobalSection(SolutionConfigurationPlatforms) = preSolution
		Debug|Any CPU = Debug|Any CPU
		Release|Any CPU = Release|Any CPU
	EndGlobalSection
	GlobalSection(ProjectConfigurationPlatforms) = postSolution
		{3FACDBD0-C027-4214-8CDC-A1D308A3B94E}.Debug|Any CPU.ActiveCfg = Debug|Any CPU
		{3FACDBD0-C027-4214-8CDC-A1D308A3B94E}.Debug|Any CPU.Build.0 = Debug|Any CPU
		{3FACDBD0-C027-4214-8CDC-A1D308A3B94E}.Release|Any CPU.ActiveCfg = Release|Any CPU
		{3FACDBD0-C027-4214-8CDC-A1D308A3B94E}.Release|Any CPU.Build.0 = Release|Any CPU
	EndGlobalSection
	GlobalSection(SolutionProperties) = preSolution
		HideSolutionNode = FALSE
	EndGlobalSection
	GlobalSection(ExtensibilityGlobals) = postSolution
		SolutionGuid = {8D373BD0-C0FB-4A21-92F1-C6D9F8F77305}
	EndGlobalSection
EndGlobal
